
Microsoft Visual Studio Solution File, Format Version 12.00
# Visual Studio 15
VisualStudioVersion = 15.0.28010.2003
MinimumVisualStudioVersion = 10.0.40219.1
Project("{FAE04EC0-301F-11D3-BF4B-00C04F79EFBC}") = "LabTwo", "LabTwo\LabTwo.csproj", "{3714DCAB-CBD9-4BC8-B1F9-03F08B418763}"
EndProject
Global
	GlobalSection(SolutionConfigurationPlatforms) = preSolution
		Debug|Any CPU = Debug|Any CPU
		Release|Any CPU = Release|Any CPU
	EndGlobalSection
	GlobalSection(ProjectConfigurationPlatforms) = postSolution
		{3714DCAB-CBD9-4BC8-B1F9-03F08B418763}.Debug|Any CPU.ActiveCfg = Debug|Any CPU
		{3714DCAB-CBD9-4BC8-B1F9-03F08B418763}.Debug|Any CPU.Build.0 = Debug|Any CPU
		{3714DCAB-CBD9-4BC8-B1F9-03F08B418763}.Release|Any CPU.ActiveCfg = Release|Any CPU
		{3714DCAB-CBD9-4BC8-B1F9-03F08B418763}.Release|Any CPU.Build.0 = Release|Any CPU
	EndGlobalSection
	GlobalSection(SolutionProperties) = preSolution
		HideSolutionNode = FALSE
	EndGlobalSection
	GlobalSection(ExtensibilityGlobals) = postSolution
		SolutionGuid = {67363E6C-4CBF-4969-8AC8-11C912617531}
	EndGlobalSection
EndGlobal
